{
  "name": "cfc-website",
  "version": "1.0.0",
  "lockfileVersion": 2,
  "requires": true,
  "packages": {
    "": {
      "name": "cfc-website",
      "version": "1.0.0",
      "license": "UNLICENSED",
      "dependencies": {
        "anchor-js": "*",
        "bulma": "*"
      }
    },
    "node_modules/anchor-js": {
      "version": "4.3.1",
      "resolved": "https://registry.npmjs.org/anchor-js/-/anchor-js-4.3.1.tgz",
      "integrity": "sha512-TziERoibspey7KSm95oIdzTxiogXonJl7inQI07Y3cI25DKQaLkUftB7RhCuSb1GcwunHL6/PcIKM4dDUb9xYQ=="
    },
    "node_modules/bulma": {
      "version": "0.9.4",
      "resolved": "https://registry.npmjs.org/bulma/-/bulma-0.9.4.tgz",
      "integrity": "sha512-86FlT5+1GrsgKbPLRRY7cGDg8fsJiP/jzTqXXVqiUZZ2aZT8uemEOHlU1CDU+TxklPEZ11HZNNWclRBBecP4CQ=="
    }
  },
  "dependencies": {
    "anchor-js": {
      "version": "4.3.1",
      "resolved": "https://registry.npmjs.org/anchor-js/-/anchor-js-4.3.1.tgz",
      "integrity": "sha512-TziERoibspey7KSm95oIdzTxiogXonJl7inQI07Y3cI25DKQaLkUftB7RhCuSb1GcwunHL6/PcIKM4dDUb9xYQ=="
    },
    "bulma": {
      "version": "0.9.4",
      "resolved": "https://registry.npmjs.org/bulma/-/bulma-0.9.4.tgz",
      "integrity": "sha512-86FlT5+1GrsgKbPLRRY7cGDg8fsJiP/jzTqXXVqiUZZ2aZT8uemEOHlU1CDU+TxklPEZ11HZNNWclRBBecP4CQ=="
    }
  }
}
