{
  "name": "cfc-website",
  "version": "1.0.0",
  "lockfileVersion": 2,
  "requires": true,
  "packages": {
    "": {
      "name": "cfc-website",
      "version": "1.0.0",
      "license": "UNLICENSED",
      "dependencies": {
        "alpinejs": "*",
        "anchor-js": "*",
        "bulma": "*",
        "gsap": "*"
      }
    },
    "node_modules/@vue/reactivity": {
      "version": "3.1.5",
      "resolved": "https://registry.npmjs.org/@vue/reactivity/-/reactivity-3.1.5.tgz",
      "integrity": "sha512-1tdfLmNjWG6t/CsPldh+foumYFo3cpyCHgBYQ34ylaMsJ+SNHQ1kApMIa8jN+i593zQuaw3AdWH0nJTARzCFhg==",
      "dependencies": {
        "@vue/shared": "3.1.5"
      }
    },
    "node_modules/@vue/shared": {
      "version": "3.1.5",
      "resolved": "https://registry.npmjs.org/@vue/shared/-/shared-3.1.5.tgz",
      "integrity": "sha512-oJ4F3TnvpXaQwZJNF3ZK+kLPHKarDmJjJ6jyzVNDKH9md1dptjC7lWR//jrGuLdek/U6iltWxqAnYOu8gCiOvA=="
    },
    "node_modules/alpinejs": {
      "version": "3.10.4",
      "resolved": "https://registry.npmjs.org/alpinejs/-/alpinejs-3.10.4.tgz",
      "integrity": "sha512-AC6Xchlb/xURO7F93OSMItooClpzGNZRM5+rDa6/3Y20mPxQs1TQ/wfiwiH4mtcVt8yTxdkOW5dOl8CBCK095A==",
      "dependencies": {
        "@vue/reactivity": "~3.1.1"
      }
    },
    "node_modules/anchor-js": {
      "version": "4.3.1",
      "resolved": "https://registry.npmjs.org/anchor-js/-/anchor-js-4.3.1.tgz",
      "integrity": "sha512-TziERoibspey7KSm95oIdzTxiogXonJl7inQI07Y3cI25DKQaLkUftB7RhCuSb1GcwunHL6/PcIKM4dDUb9xYQ=="
    },
    "node_modules/bulma": {
      "version": "0.9.4",
      "resolved": "https://registry.npmjs.org/bulma/-/bulma-0.9.4.tgz",
      "integrity": "sha512-86FlT5+1GrsgKbPLRRY7cGDg8fsJiP/jzTqXXVqiUZZ2aZT8uemEOHlU1CDU+TxklPEZ11HZNNWclRBBecP4CQ=="
    },
    "node_modules/gsap": {
      "version": "3.11.3",
      "resolved": "https://registry.npmjs.org/gsap/-/gsap-3.11.3.tgz",
      "integrity": "sha512-xc/iIJy+LWiMbRa4IdMtdnnKa/7PXEK6NNzV71gdOYUVeTZN7UWnLU0fB7Hi1iwiz4ZZoYkBZPPYGg+2+zzFHA=="
    }
  },
  "dependencies": {
    "@vue/reactivity": {
      "version": "3.1.5",
      "resolved": "https://registry.npmjs.org/@vue/reactivity/-/reactivity-3.1.5.tgz",
      "integrity": "sha512-1tdfLmNjWG6t/CsPldh+foumYFo3cpyCHgBYQ34ylaMsJ+SNHQ1kApMIa8jN+i593zQuaw3AdWH0nJTARzCFhg==",
      "requires": {
        "@vue/shared": "3.1.5"
      }
    },
    "@vue/shared": {
      "version": "3.1.5",
      "resolved": "https://registry.npmjs.org/@vue/shared/-/shared-3.1.5.tgz",
      "integrity": "sha512-oJ4F3TnvpXaQwZJNF3ZK+kLPHKarDmJjJ6jyzVNDKH9md1dptjC7lWR//jrGuLdek/U6iltWxqAnYOu8gCiOvA=="
    },
    "alpinejs": {
      "version": "3.10.4",
      "resolved": "https://registry.npmjs.org/alpinejs/-/alpinejs-3.10.4.tgz",
      "integrity": "sha512-AC6Xchlb/xURO7F93OSMItooClpzGNZRM5+rDa6/3Y20mPxQs1TQ/wfiwiH4mtcVt8yTxdkOW5dOl8CBCK095A==",
      "requires": {
        "@vue/reactivity": "~3.1.1"
      }
    },
    "anchor-js": {
      "version": "4.3.1",
      "resolved": "https://registry.npmjs.org/anchor-js/-/anchor-js-4.3.1.tgz",
      "integrity": "sha512-TziERoibspey7KSm95oIdzTxiogXonJl7inQI07Y3cI25DKQaLkUftB7RhCuSb1GcwunHL6/PcIKM4dDUb9xYQ=="
    },
    "bulma": {
      "version": "0.9.4",
      "resolved": "https://registry.npmjs.org/bulma/-/bulma-0.9.4.tgz",
      "integrity": "sha512-86FlT5+1GrsgKbPLRRY7cGDg8fsJiP/jzTqXXVqiUZZ2aZT8uemEOHlU1CDU+TxklPEZ11HZNNWclRBBecP4CQ=="
    },
    "gsap": {
      "version": "3.11.3",
      "resolved": "https://registry.npmjs.org/gsap/-/gsap-3.11.3.tgz",
      "integrity": "sha512-xc/iIJy+LWiMbRa4IdMtdnnKa/7PXEK6NNzV71gdOYUVeTZN7UWnLU0fB7Hi1iwiz4ZZoYkBZPPYGg+2+zzFHA=="
    }
  }
}
